// !$*UTF8*$!
{
	archiveVersion = 1;
	classes = {
	};
	objectVersion = 50;
	objects = {

/* Begin PBXBuildFile section */
		20B9A21F228BB39900A86A9F /* AppDelegate.m in Sources */ = {isa = PBXBuildFile; fileRef = 20B9A21E228BB39900A86A9F /* AppDelegate.m */; };
		20B9A222228BB39900A86A9F /* ViewController.m in Sources */ = {isa = PBXBuildFile; fileRef = 20B9A221228BB39900A86A9F /* ViewController.m */; };
		20B9A225228BB39900A86A9F /* Main.storyboard in Resources */ = {isa = PBXBuildFile; fileRef = 20B9A223228BB39900A86A9F /* Main.storyboard */; };
		20B9A228228BB39900A86A9F /* DBBrowser.xcdatamodeld in Sources */ = {isa = PBXBuildFile; fileRef = 20B9A226228BB39900A86A9F /* DBBrowser.xcdatamodeld */; };
		20B9A22A228BB39B00A86A9F /* Assets.xcassets in Resources */ = {isa = PBXBuildFile; fileRef = 20B9A229228BB39B00A86A9F /* Assets.xcassets */; };
		20B9A22D228BB39B00A86A9F /* LaunchScreen.storyboard in Resources */ = {isa = PBXBuildFile; fileRef = 20B9A22B228BB39B00A86A9F /* LaunchScreen.storyboard */; };
		20B9A230228BB39B00A86A9F /* main.m in Sources */ = {isa = PBXBuildFile; fileRef = 20B9A22F228BB39B00A86A9F /* main.m */; };
		20B9A23A228BB39B00A86A9F /* DBBrowserTests.m in Sources */ = {isa = PBXBuildFile; fileRef = 20B9A239228BB39B00A86A9F /* DBBrowserTests.m */; };
		20B9A245228BB39B00A86A9F /* DBBrowserUITests.m in Sources */ = {isa = PBXBuildFile; fileRef = 20B9A244228BB39B00A86A9F /* DBBrowserUITests.m */; };
/* End PBXBuildFile section */

/* Begin PBXContainerItemProxy section */
		20B9A236228BB39B00A86A9F /* PBXContainerItemProxy */ = {
			isa = PBXContainerItemProxy;
			containerPortal = 20B9A212228BB39900A86A9F /* Project object */;
			proxyType = 1;
			remoteGlobalIDString = 20B9A219228BB39900A86A9F;
			remoteInfo = DBBrowser;
		};
		20B9A241228BB39B00A86A9F /* PBXContainerItemProxy */ = {
			isa = PBXContainerItemProxy;
			containerPortal = 20B9A212228BB39900A86A9F /* Project object */;
			proxyType = 1;
			remoteGlobalIDString = 20B9A219228BB39900A86A9F;
			remoteInfo = DBBrowser;
		};
/* End PBXContainerItemProxy section */

/* Begin PBXFileReference section */
		20B9A21A228BB39900A86A9F /* DBBrowser.app */ = {isa = PBXFileReference; explicitFileType = wrapper.application; includeInIndex = 0; path = DBBrowser.app; sourceTree = BUILT_PRODUCTS_DIR; };
		20B9A21D228BB39900A86A9F /* AppDelegate.h */ = {isa = PBXFileReference; lastKnownFileType = sourcecode.c.h; path = AppDelegate.h; sourceTree = "<group>"; };
		20B9A21E228BB39900A86A9F /* AppDelegate.m */ = {isa = PBXFileReference; lastKnownFileType = sourcecode.c.objc; path = AppDelegate.m; sourceTree = "<group>"; };
		20B9A220228BB39900A86A9F /* ViewController.h */ = {isa = PBXFileReference; lastKnownFileType = sourcecode.c.h; path = ViewController.h; sourceTree = "<group>"; };
		20B9A221228BB39900A86A9F /* ViewController.m */ = {isa = PBXFileReference; lastKnownFileType = sourcecode.c.objc; path = ViewController.m; sourceTree = "<group>"; };
		20B9A224228BB39900A86A9F /* Base */ = {isa = PBXFileReference; lastKnownFileType = file.storyboard; name = Base; path = Base.lproj/Main.storyboard; sourceTree = "<group>"; };
		20B9A227228BB39900A86A9F /* DBBrowser.xcdatamodel */ = {isa = PBXFileReference; lastKnownFileType = wrapper.xcdatamodel; path = DBBrowser.xcdatamodel; sourceTree = "<group>"; };
		20B9A229228BB39B00A86A9F /* Assets.xcassets */ = {isa = PBXFileReference; lastKnownFileType = folder.assetcatalog; path = Assets.xcassets; sourceTree = "<group>"; };
		20B9A22C228BB39B00A86A9F /* Base */ = {isa = PBXFileReference; lastKnownFileType = file.storyboard; name = Base; path = Base.lproj/LaunchScreen.storyboard; sourceTree = "<group>"; };
		20B9A22E228BB39B00A86A9F /* Info.plist */ = {isa = PBXFileReference; lastKnownFileType = text.plist.xml; path = Info.plist; sourceTree = "<group>"; };
		20B9A22F228BB39B00A86A9F /* main.m */ = {isa = PBXFileReference; lastKnownFileType = sourcecode.c.objc; path = main.m; sourceTree = "<group>"; };
		20B9A235228BB39B00A86A9F /* DBBrowserTests.xctest */ = {isa = PBXFileReference; explicitFileType = wrapper.cfbundle; includeInIndex = 0; path = DBBrowserTests.xctest; sourceTree = BUILT_PRODUCTS_DIR; };
		20B9A239228BB39B00A86A9F /* DBBrowserTests.m */ = {isa = PBXFileReference; lastKnownFileType = sourcecode.c.objc; path = DBBrowserTests.m; sourceTree = "<group>"; };
		20B9A23B228BB39B00A86A9F /* Info.plist */ = {isa = PBXFileReference; lastKnownFileType = text.plist.xml; path = Info.plist; sourceTree = "<group>"; };
		20B9A240228BB39B00A86A9F /* DBBrowserUITests.xctest */ = {isa = PBXFileReference; explicitFileType = wrapper.cfbundle; includeInIndex = 0; path = DBBrowserUITests.xctest; sourceTree = BUILT_PRODUCTS_DIR; };
		20B9A244228BB39B00A86A9F /* DBBrowserUITests.m */ = {isa = PBXFileReference; lastKnownFileType = sourcecode.c.objc; path = DBBrowserUITests.m; sourceTree = "<group>"; };
		20B9A246228BB39B00A86A9F /* Info.plist */ = {isa = PBXFileReference; lastKnownFileType = text.plist.xml; path = Info.plist; sourceTree = "<group>"; };
/* End PBXFileReference section */

/* Begin PBXFrameworksBuildPhase section */
		20B9A217228BB39900A86A9F /* Frameworks */ = {
			isa = PBXFrameworksBuildPhase;
			buildActionMask = 2147483647;
			files = (
			);
			runOnlyForDeploymentPostprocessing = 0;
		};
		20B9A232228BB39B00A86A9F /* Frameworks */ = {
			isa = PBXFrameworksBuildPhase;
			buildActionMask = 2147483647;
			files = (
			);
			runOnlyForDeploymentPostprocessing = 0;
		};
		20B9A23D228BB39B00A86A9F /* Frameworks */ = {
			isa = PBXFrameworksBuildPhase;
			buildActionMask = 2147483647;
			files = (
			);
			runOnlyForDeploymentPostprocessing = 0;
		};
/* End PBXFrameworksBuildPhase section */

/* Begin PBXGroup section */
		20B9A211228BB39900A86A9F = {
			isa = PBXGroup;
			children = (
				20B9A21C228BB39900A86A9F /* DBBrowser */,
				20B9A238228BB39B00A86A9F /* DBBrowserTests */,
				20B9A243228BB39B00A86A9F /* DBBrowserUITests */,
				20B9A21B228BB39900A86A9F /* Products */,
			);
			sourceTree = "<group>";
		};
		20B9A21B228BB39900A86A9F /* Products */ = {
			isa = PBXGroup;
			children = (
				20B9A21A228BB39900A86A9F /* DBBrowser.app */,
				20B9A235228BB39B00A86A9F /* DBBrowserTests.xctest */,
				20B9A240228BB39B00A86A9F /* DBBrowserUITests.xctest */,
			);
			name = Products;
			sourceTree = "<group>";
		};
		20B9A21C228BB39900A86A9F /* DBBrowser */ = {
			isa = PBXGroup;
			children = (
				20B9A21D228BB39900A86A9F /* AppDelegate.h */,
				20B9A21E228BB39900A86A9F /* AppDelegate.m */,
				20B9A220228BB39900A86A9F /* ViewController.h */,
				20B9A221228BB39900A86A9F /* ViewController.m */,
				20B9A223228BB39900A86A9F /* Main.storyboard */,
				20B9A229228BB39B00A86A9F /* Assets.xcassets */,
				20B9A22B228BB39B00A86A9F /* LaunchScreen.storyboard */,
				20B9A22E228BB39B00A86A9F /* Info.plist */,
				20B9A22F228BB39B00A86A9F /* main.m */,
				20B9A226228BB39900A86A9F /* DBBrowser.xcdatamodeld */,
			);
			path = DBBrowser;
			sourceTree = "<group>";
		};
		20B9A238228BB39B00A86A9F /* DBBrowserTests */ = {
			isa = PBXGroup;
			children = (
				20B9A239228BB39B00A86A9F /* DBBrowserTests.m */,
				20B9A23B228BB39B00A86A9F /* Info.plist */,
			);
			path = DBBrowserTests;
			sourceTree = "<group>";
		};
		20B9A243228BB39B00A86A9F /* DBBrowserUITests */ = {
			isa = PBXGroup;
			children = (
				20B9A244228BB39B00A86A9F /* DBBrowserUITests.m */,
				20B9A246228BB39B00A86A9F /* Info.plist */,
			);
			path = DBBrowserUITests;
			sourceTree = "<group>";
		};
/* End PBXGroup section */

/* Begin PBXNativeTarget section */
		20B9A219228BB39900A86A9F /* DBBrowser */ = {
			isa = PBXNativeTarget;
			buildConfigurationList = 20B9A249228BB39B00A86A9F /* Build configuration list for PBXNativeTarget "DBBrowser" */;
			buildPhases = (
				20B9A216228BB39900A86A9F /* Sources */,
				20B9A217228BB39900A86A9F /* Frameworks */,
				20B9A218228BB39900A86A9F /* Resources */,
			);
			buildRules = (
			);
			dependencies = (
			);
			name = DBBrowser;
			productName = DBBrowser;
			productReference = 20B9A21A228BB39900A86A9F /* DBBrowser.app */;
			productType = "com.apple.product-type.application";
		};
		20B9A234228BB39B00A86A9F /* DBBrowserTests */ = {
			isa = PBXNativeTarget;
			buildConfigurationList = 20B9A24C228BB39B00A86A9F /* Build configuration list for PBXNativeTarget "DBBrowserTests" */;
			buildPhases = (
				20B9A231228BB39B00A86A9F /* Sources */,
				20B9A232228BB39B00A86A9F /* Frameworks */,
				20B9A233228BB39B00A86A9F /* Resources */,
			);
			buildRules = (
			);
			dependencies = (
				20B9A237228BB39B00A86A9F /* PBXTargetDependency */,
			);
			name = DBBrowserTests;
			productName = DBBrowserTests;
			productReference = 20B9A235228BB39B00A86A9F /* DBBrowserTests.xctest */;
			productType = "com.apple.product-type.bundle.unit-test";
		};
		20B9A23F228BB39B00A86A9F /* DBBrowserUITests */ = {
			isa = PBXNativeTarget;
			buildConfigurationList = 20B9A24F228BB39B00A86A9F /* Build configuration list for PBXNativeTarget "DBBrowserUITests" */;
			buildPhases = (
				20B9A23C228BB39B00A86A9F /* Sources */,
				20B9A23D228BB39B00A86A9F /* Frameworks */,
				20B9A23E228BB39B00A86A9F /* Resources */,
			);
			buildRules = (
			);
			dependencies = (
				20B9A242228BB39B00A86A9F /* PBXTargetDependency */,
			);
			name = DBBrowserUITests;
			productName = DBBrowserUITests;
			productReference = 20B9A240228BB39B00A86A9F /* DBBrowserUITests.xctest */;
			productType = "com.apple.product-type.bundle.ui-testing";
		};
/* End PBXNativeTarget section */

/* Begin PBXProject section */
		20B9A212228BB39900A86A9F /* Project object */ = {
			isa = PBXProject;
			attributes = {
				LastUpgradeCheck = 1020;
				ORGANIZATIONNAME = yao;
				TargetAttributes = {
					20B9A219228BB39900A86A9F = {
						CreatedOnToolsVersion = 10.2.1;
					};
					20B9A234228BB39B00A86A9F = {
						CreatedOnToolsVersion = 10.2.1;
						TestTargetID = 20B9A219228BB39900A86A9F;
					};
					20B9A23F228BB39B00A86A9F = {
						CreatedOnToolsVersion = 10.2.1;
						TestTargetID = 20B9A219228BB39900A86A9F;
					};
				};
			};
			buildConfigurationList = 20B9A215228BB39900A86A9F /* Build configuration list for PBXProject "DBBrowser" */;
			compatibilityVersion = "Xcode 9.3";
			developmentRegion = en;
			hasScannedForEncodings = 0;
			knownRegions = (
				en,
				Base,
			);
			mainGroup = 20B9A211228BB39900A86A9F;
			productRefGroup = 20B9A21B228BB39900A86A9F /* Products */;
			projectDirPath = "";
			projectRoot = "";
			targets = (
				20B9A219228BB39900A86A9F /* DBBrowser */,
				20B9A234228BB39B00A86A9F /* DBBrowserTests */,
				20B9A23F228BB39B00A86A9F /* DBBrowserUITests */,
			);
		};
/* End PBXProject section */

/* Begin PBXResourcesBuildPhase section */
		20B9A218228BB39900A86A9F /* Resources */ = {
			isa = PBXResourcesBuildPhase;
			buildActionMask = 2147483647;
			files = (
				20B9A22D228BB39B00A86A9F /* LaunchScreen.storyboard in Resources */,
				20B9A22A228BB39B00A86A9F /* Assets.xcassets in Resources */,
				20B9A225228BB39900A86A9F /* Main.storyboard in Resources */,
			);
			runOnlyForDeploymentPostprocessing = 0;
		};
		20B9A233228BB39B00A86A9F /* Resources */ = {
			isa = PBXResourcesBuildPhase;
			buildActionMask = 2147483647;
			files = (
			);
			runOnlyForDeploymentPostprocessing = 0;
		};
		20B9A23E228BB39B00A86A9F /* Resources */ = {
			isa = PBXResourcesBuildPhase;
			buildActionMask = 2147483647;
			files = (
			);
			runOnlyForDeploymentPostprocessing = 0;
		};
/* End PBXResourcesBuildPhase section */

/* Begin PBXSourcesBuildPhase section */
		20B9A216228BB39900A86A9F /* Sources */ = {
			isa = PBXSourcesBuildPhase;
			buildActionMask = 2147483647;
			files = (
				20B9A228228BB39900A86A9F /* DBBrowser.xcdatamodeld in Sources */,
				20B9A222228BB39900A86A9F /* ViewController.m in Sources */,
				20B9A230228BB39B00A86A9F /* main.m in Sources */,
				20B9A21F228BB39900A86A9F /* AppDelegate.m in Sources */,
			);
			runOnlyForDeploymentPostprocessing = 0;
		};
		20B9A231228BB39B00A86A9F /* Sources */ = {
			isa = PBXSourcesBuildPhase;
			buildActionMask = 2147483647;
			files = (
				20B9A23A228BB39B00A86A9F /* DBBrowserTests.m in Sources */,
			);
			runOnlyForDeploymentPostprocessing = 0;
		};
		20B9A23C228BB39B00A86A9F /* Sources */ = {
			isa = PBXSourcesBuildPhase;
			buildActionMask = 2147483647;
			files = (
				20B9A245228BB39B00A86A9F /* DBBrowserUITests.m in Sources */,
			);
			runOnlyForDeploymentPostprocessing = 0;
		};
/* End PBXSourcesBuildPhase section */

/* Begin PBXTargetDependency section */
		20B9A237228BB39B00A86A9F /* PBXTargetDependency */ = {
			isa = PBXTargetDependency;
			target = 20B9A219228BB39900A86A9F /* DBBrowser */;
			targetProxy = 20B9A236228BB39B00A86A9F /* PBXContainerItemProxy */;
		};
		20B9A242228BB39B00A86A9F /* PBXTargetDependency */ = {
			isa = PBXTargetDependency;
			target = 20B9A219228BB39900A86A9F /* DBBrowser */;
			targetProxy = 20B9A241228BB39B00A86A9F /* PBXContainerItemProxy */;
		};
/* End PBXTargetDependency section */

/* Begin PBXVariantGroup section */
		20B9A223228BB39900A86A9F /* Main.storyboard */ = {
			isa = PBXVariantGroup;
			children = (
				20B9A224228BB39900A86A9F /* Base */,
			);
			name = Main.storyboard;
			sourceTree = "<group>";
		};
		20B9A22B228BB39B00A86A9F /* LaunchScreen.storyboard */ = {
			isa = PBXVariantGroup;
			children = (
				20B9A22C228BB39B00A86A9F /* Base */,
			);
			name = LaunchScreen.storyboard;
			sourceTree = "<group>";
		};
/* End PBXVariantGroup section */

/* Begin XCBuildConfiguration section */
		20B9A247228BB39B00A86A9F /* Debug */ = {
			isa = XCBuildConfiguration;
			buildSettings = {
				ALWAYS_SEARCH_USER_PATHS = NO;
				CLANG_ANALYZER_NONNULL = YES;
				CLANG_ANALYZER_NUMBER_OBJECT_CONVERSION = YES_AGGRESSIVE;
				CLANG_CXX_LANGUAGE_STANDARD = "gnu++14";
				CLANG_CXX_LIBRARY = "libc++";
				CLANG_ENABLE_MODULES = YES;
				CLANG_ENABLE_OBJC_ARC = YES;
				CLANG_ENABLE_OBJC_WEAK = YES;
				CLANG_WARN_BLOCK_CAPTURE_AUTORELEASING = YES;
				CLANG_WARN_BOOL_CONVERSION = YES;
				CLANG_WARN_COMMA = YES;
				CLANG_WARN_CONSTANT_CONVERSION = YES;
				CLANG_WARN_DEPRECATED_OBJC_IMPLEMENTATIONS = YES;
				CLANG_WARN_DIRECT_OBJC_ISA_USAGE = YES_ERROR;
				CLANG_WARN_DOCUMENTATION_COMMENTS = YES;
				CLANG_WARN_EMPTY_BODY = YES;
				CLANG_WARN_ENUM_CONVERSION = YES;
				CLANG_WARN_INFINITE_RECURSION = YES;
				CLANG_WARN_INT_CONVERSION = YES;
				CLANG_WARN_NON_LITERAL_NULL_CONVERSION = YES;
				CLANG_WARN_OBJC_IMPLICIT_RETAIN_SELF = YES;
				CLANG_WARN_OBJC_LITERAL_CONVERSION = YES;
				CLANG_WARN_OBJC_ROOT_CLASS = YES_ERROR;
				CLANG_WARN_RANGE_LOOP_ANALYSIS = YES;
				CLANG_WARN_STRICT_PROTOTYPES = YES;
				CLANG_WARN_SUSPICIOUS_MOVE = YES;
				CLANG_WARN_UNGUARDED_AVAILABILITY = YES_AGGRESSIVE;
				CLANG_WARN_UNREACHABLE_CODE = YES;
				CLANG_WARN__DUPLICATE_METHOD_MATCH = YES;
				CODE_SIGN_IDENTITY = "iPhone Developer";
				COPY_PHASE_STRIP = NO;
				DEBUG_INFORMATION_FORMAT = dwarf;
				ENABLE_STRICT_OBJC_MSGSEND = YES;
				ENABLE_TESTABILITY = YES;
				GCC_C_LANGUAGE_STANDARD = gnu11;
				GCC_DYNAMIC_NO_PIC = NO;
				GCC_NO_COMMON_BLOCKS = YES;
				GCC_OPTIMIZATION_LEVEL = 0;
				GCC_PREPROCESSOR_DEFINITIONS = (
					"DEBUG=1",
					"$(inherited)",
				);
				GCC_WARN_64_TO_32_BIT_CONVERSION = YES;
				GCC_WARN_ABOUT_RETURN_TYPE = YES_ERROR;
				GCC_WARN_UNDECLARED_SELECTOR = YES;
				GCC_WARN_UNINITIALIZED_AUTOS = YES_AGGRESSIVE;
				GCC_WARN_UNUSED_FUNCTION = YES;
				GCC_WARN_UNUSED_VARIABLE = YES;
				IPHONEOS_DEPLOYMENT_TARGET = 12.2;
				MTL_ENABLE_DEBUG_INFO = INCLUDE_SOURCE;
				MTL_FAST_MATH = YES;
				ONLY_ACTIVE_ARCH = YES;
				SDKROOT = iphoneos;
			};
			name = Debug;
		};
		20B9A248228BB39B00A86A9F /* Release */ = {
			isa = XCBuildConfiguration;
			buildSettings = {
				ALWAYS_SEARCH_USER_PATHS = NO;
				CLANG_ANALYZER_NONNULL = YES;
				CLANG_ANALYZER_NUMBER_OBJECT_CONVERSION = YES_AGGRESSIVE;
				CLANG_CXX_LANGUAGE_STANDARD = "gnu++14";
				CLANG_CXX_LIBRARY = "libc++";
				CLANG_ENABLE_MODULES = YES;
				CLANG_ENABLE_OBJC_ARC = YES;
				CLANG_ENABLE_OBJC_WEAK = YES;
				CLANG_WARN_BLOCK_CAPTURE_AUTORELEASING = YES;
				CLANG_WARN_BOOL_CONVERSION = YES;
				CLANG_WARN_COMMA = YES;
				CLANG_WARN_CONSTANT_CONVERSION = YES;
				CLANG_WARN_DEPRECATED_OBJC_IMPLEMENTATIONS = YES;
				CLANG_WARN_DIRECT_OBJC_ISA_USAGE = YES_ERROR;
				CLANG_WARN_DOCUMENTATION_COMMENTS = YES;
				CLANG_WARN_EMPTY_BODY = YES;
				CLANG_WARN_ENUM_CONVERSION = YES;
				CLANG_WARN_INFINITE_RECURSION = YES;
				CLANG_WARN_INT_CONVERSION = YES;
				CLANG_WARN_NON_LITERAL_NULL_CONVERSION = YES;
				CLANG_WARN_OBJC_IMPLICIT_RETAIN_SELF = YES;
				CLANG_WARN_OBJC_LITERAL_CONVERSION = YES;
				CLANG_WARN_OBJC_ROOT_CLASS = YES_ERROR;
				CLANG_WARN_RANGE_LOOP_ANALYSIS = YES;
				CLANG_WARN_STRICT_PROTOTYPES = YES;
				CLANG_WARN_SUSPICIOUS_MOVE = YES;
				CLANG_WARN_UNGUARDED_AVAILABILITY = YES_AGGRESSIVE;
				CLANG_WARN_UNREACHABLE_CODE = YES;
				CLANG_WARN__DUPLICATE_METHOD_MATCH = YES;
				CODE_SIGN_IDENTITY = "iPhone Developer";
				COPY_PHASE_STRIP = NO;
				DEBUG_INFORMATION_FORMAT = "dwarf-with-dsym";
				ENABLE_NS_ASSERTIONS = NO;
				ENABLE_STRICT_OBJC_MSGSEND = YES;
				GCC_C_LANGUAGE_STANDARD = gnu11;
				GCC_NO_COMMON_BLOCKS = YES;
				GCC_WARN_64_TO_32_BIT_CONVERSION = YES;
				GCC_WARN_ABOUT_RETURN_TYPE = YES_ERROR;
				GCC_WARN_UNDECLARED_SELECTOR = YES;
				GCC_WARN_UNINITIALIZED_AUTOS = YES_AGGRESSIVE;
				GCC_WARN_UNUSED_FUNCTION = YES;
				GCC_WARN_UNUSED_VARIABLE = YES;
				IPHONEOS_DEPLOYMENT_TARGET = 12.2;
				MTL_ENABLE_DEBUG_INFO = NO;
				MTL_FAST_MATH = YES;
				SDKROOT = iphoneos;
				VALIDATE_PRODUCT = YES;
			};
			name = Release;
		};
		20B9A24A228BB39B00A86A9F /* Debug */ = {
			isa = XCBuildConfiguration;
			buildSettings = {
				ASSETCATALOG_COMPILER_APPICON_NAME = AppIcon;
				CODE_SIGN_STYLE = Automatic;
				INFOPLIST_FILE = DBBrowser/Info.plist;
				LD_RUNPATH_SEARCH_PATHS = (
					"$(inherited)",
					"@executable_path/Frameworks",
				);
				PRODUCT_BUNDLE_IDENTIFIER = com.shen.cpp.DBBrowser;
				PRODUCT_NAME = "$(TARGET_NAME)";
				TARGETED_DEVICE_FAMILY = "1,2";
			};
			name = Debug;
		};
		20B9A24B228BB39B00A86A9F /* Release */ = {
			isa = XCBuildConfiguration;
			buildSettings = {
				ASSETCATALOG_COMPILER_APPICON_NAME = AppIcon;
				CODE_SIGN_STYLE = Automatic;
				INFOPLIST_FILE = DBBrowser/Info.plist;
				LD_RUNPATH_SEARCH_PATHS = (
					"$(inherited)",
					"@executable_path/Frameworks",
				);
				PRODUCT_BUNDLE_IDENTIFIER = com.shen.cpp.DBBrowser;
				PRODUCT_NAME = "$(TARGET_NAME)";
				TARGETED_DEVICE_FAMILY = "1,2";
			};
			name = Release;
		};
		20B9A24D228BB39B00A86A9F /* Debug */ = {
			isa = XCBuildConfiguration;
			buildSettings = {
				BUNDLE_LOADER = "$(TEST_HOST)";
				CODE_SIGN_STYLE = Automatic;
				INFOPLIST_FILE = DBBrowserTests/Info.plist;
				LD_RUNPATH_SEARCH_PATHS = (
					"$(inherited)",
					"@executable_path/Frameworks",
					"@loader_path/Frameworks",
				);
				PRODUCT_BUNDLE_IDENTIFIER = com.shen.cpp.DBBrowserTests;
				PRODUCT_NAME = "$(TARGET_NAME)";
				TARGETED_DEVICE_FAMILY = "1,2";
				TEST_HOST = "$(BUILT_PRODUCTS_DIR)/DBBrowser.app/DBBrowser";
			};
			name = Debug;
		};
		20B9A24E228BB39B00A86A9F /* Release */ = {
			isa = XCBuildConfiguration;
			buildSettings = {
				BUNDLE_LOADER = "$(TEST_HOST)";
				CODE_SIGN_STYLE = Automatic;
				INFOPLIST_FILE = DBBrowserTests/Info.plist;
				LD_RUNPATH_SEARCH_PATHS = (
					"$(inherited)",
					"@executable_path/Frameworks",
					"@loader_path/Frameworks",
				);
				PRODUCT_BUNDLE_IDENTIFIER = com.shen.cpp.DBBrowserTests;
				PRODUCT_NAME = "$(TARGET_NAME)";
				TARGETED_DEVICE_FAMILY = "1,2";
				TEST_HOST = "$(BUILT_PRODUCTS_DIR)/DBBrowser.app/DBBrowser";
			};
			name = Release;
		};
		20B9A250228BB39B00A86A9F /* Debug */ = {
			isa = XCBuildConfiguration;
			buildSettings = {
				CODE_SIGN_STYLE = Automatic;
				INFOPLIST_FILE = DBBrowserUITests/Info.plist;
				LD_RUNPATH_SEARCH_PATHS = (
					"$(inherited)",
					"@executable_path/Frameworks",
					"@loader_path/Frameworks",
				);
				PRODUCT_BUNDLE_IDENTIFIER = com.shen.cpp.DBBrowserUITests;
				PRODUCT_NAME = "$(TARGET_NAME)";
				TARGETED_DEVICE_FAMILY = "1,2";
				TEST_TARGET_NAME = DBBrowser;
			};
			name = Debug;
		};
		20B9A251228BB39B00A86A9F /* Release */ = {
			isa = XCBuildConfiguration;
			buildSettings = {
				CODE_SIGN_STYLE = Automatic;
				INFOPLIST_FILE = DBBrowserUITests/Info.plist;
				LD_RUNPATH_SEARCH_PATHS = (
					"$(inherited)",
					"@executable_path/Frameworks",
					"@loader_path/Frameworks",
				);
				PRODUCT_BUNDLE_IDENTIFIER = com.shen.cpp.DBBrowserUITests;
				PRODUCT_NAME = "$(TARGET_NAME)";
				TARGETED_DEVICE_FAMILY = "1,2";
				TEST_TARGET_NAME = DBBrowser;
			};
			name = Release;
		};
/* End XCBuildConfiguration section */

/* Begin XCConfigurationList section */
		20B9A215228BB39900A86A9F /* Build configuration list for PBXProject "DBBrowser" */ = {
			isa = XCConfigurationList;
			buildConfigurations = (
				20B9A247228BB39B00A86A9F /* Debug */,
				20B9A248228BB39B00A86A9F /* Release */,
			);
			defaultConfigurationIsVisible = 0;
			defaultConfigurationName = Release;
		};
		20B9A249228BB39B00A86A9F /* Build configuration list for PBXNativeTarget "DBBrowser" */ = {
			isa = XCConfigurationList;
			buildConfigurations = (
				20B9A24A228BB39B00A86A9F /* Debug */,
				20B9A24B228BB39B00A86A9F /* Release */,
			);
			defaultConfigurationIsVisible = 0;
			defaultConfigurationName = Release;
		};
		20B9A24C228BB39B00A86A9F /* Build configuration list for PBXNativeTarget "DBBrowserTests" */ = {
			isa = XCConfigurationList;
			buildConfigurations = (
				20B9A24D228BB39B00A86A9F /* Debug */,
				20B9A24E228BB39B00A86A9F /* Release */,
			);
			defaultConfigurationIsVisible = 0;
			defaultConfigurationName = Release;
		};
		20B9A24F228BB39B00A86A9F /* Build configuration list for PBXNativeTarget "DBBrowserUITests" */ = {
			isa = XCConfigurationList;
			buildConfigurations = (
				20B9A250228BB39B00A86A9F /* Debug */,
				20B9A251228BB39B00A86A9F /* Release */,
			);
			defaultConfigurationIsVisible = 0;
			defaultConfigurationName = Release;
		};
/* End XCConfigurationList section */

/* Begin XCVersionGroup section */
		20B9A226228BB39900A86A9F /* DBBrowser.xcdatamodeld */ = {
			isa = XCVersionGroup;
			children = (
				20B9A227228BB39900A86A9F /* DBBrowser.xcdatamodel */,
			);
			currentVersion = 20B9A227228BB39900A86A9F /* DBBrowser.xcdatamodel */;
			path = DBBrowser.xcdatamodeld;
			sourceTree = "<group>";
			versionGroupType = wrapper.xcdatamodel;
		};
/* End XCVersionGroup section */
	};
	rootObject = 20B9A212228BB39900A86A9F /* Project object */;
}
